// !$*UTF8*$!
{
	archiveVersion = 1;
	classes = {
	};
	objectVersion = 55;
	objects = {

/* Begin PBXBuildFile section */
		3D2124F228D1790B00FC885B /* Shared in Resources */ = {isa = PBXBuildFile; fileRef = 3D2124F128D1790B00FC885B /* Shared */; };
		3D2124F528D1799000FC885B /* UserData.swift in Sources */ = {isa = PBXBuildFile; fileRef = 3D2124F428D1799000FC885B /* UserData.swift */; };
		3D2412CB28CF3A7400BAD01C /* FirebaseAuth in Frameworks */ = {isa = PBXBuildFile; productRef = 3D2412CA28CF3A7400BAD01C /* FirebaseAuth */; };
		3D2412CD28CF3A7400BAD01C /* FirebaseFirestore in Frameworks */ = {isa = PBXBuildFile; productRef = 3D2412CC28CF3A7400BAD01C /* FirebaseFirestore */; };
		3D2412CF28CF3A7400BAD01C /* FirebaseFirestoreCombine-Community in Frameworks */ = {isa = PBXBuildFile; productRef = 3D2412CE28CF3A7400BAD01C /* FirebaseFirestoreCombine-Community */; };
		3D2412D128CF3A7400BAD01C /* FirebaseFirestoreSwift-Beta in Frameworks */ = {isa = PBXBuildFile; productRef = 3D2412D028CF3A7400BAD01C /* FirebaseFirestoreSwift-Beta */; };
		3D2412D328CF3E5100BAD01C /* SignUpView.swift in Sources */ = {isa = PBXBuildFile; fileRef = 3D2412D228CF3E5100BAD01C /* SignUpView.swift */; };
		3D2412D428CF3E5100BAD01C /* SignUpView.swift in Sources */ = {isa = PBXBuildFile; fileRef = 3D2412D228CF3E5100BAD01C /* SignUpView.swift */; };
		3D2412D628CF476E00BAD01C /* WelcomeView.swift in Sources */ = {isa = PBXBuildFile; fileRef = 3D2412D528CF476E00BAD01C /* WelcomeView.swift */; };
		3D2412D728CF476E00BAD01C /* WelcomeView.swift in Sources */ = {isa = PBXBuildFile; fileRef = 3D2412D528CF476E00BAD01C /* WelcomeView.swift */; };
		3D2D056828D19B0E0015B758 /* AccountView.swift in Sources */ = {isa = PBXBuildFile; fileRef = 3D2D056728D19B0E0015B758 /* AccountView.swift */; };
		3D2D056928D19B0E0015B758 /* AccountView.swift in Sources */ = {isa = PBXBuildFile; fileRef = 3D2D056728D19B0E0015B758 /* AccountView.swift */; };
		3D2D056B28D1A2690015B758 /* Order.swift in Sources */ = {isa = PBXBuildFile; fileRef = 3D2D056A28D1A2690015B758 /* Order.swift */; };
		3D2D056C28D1A2690015B758 /* Order.swift in Sources */ = {isa = PBXBuildFile; fileRef = 3D2D056A28D1A2690015B758 /* Order.swift */; };
		3D2D056E28D1AC340015B758 /* TableView.swift in Sources */ = {isa = PBXBuildFile; fileRef = 3D2D056D28D1AC340015B758 /* TableView.swift */; };
		3D2D056F28D1AC340015B758 /* TableView.swift in Sources */ = {isa = PBXBuildFile; fileRef = 3D2D056D28D1AC340015B758 /* TableView.swift */; };
		3D5DD79928CF293900D66A7C /* myApp2App.swift in Sources */ = {isa = PBXBuildFile; fileRef = 3D5DD78928CF293800D66A7C /* myApp2App.swift */; };
		3D5DD79A28CF293900D66A7C /* myApp2App.swift in Sources */ = {isa = PBXBuildFile; fileRef = 3D5DD78928CF293800D66A7C /* myApp2App.swift */; };
		3D5DD79B28CF293900D66A7C /* LoginView.swift in Sources */ = {isa = PBXBuildFile; fileRef = 3D5DD78A28CF293800D66A7C /* LoginView.swift */; };
		3D5DD79C28CF293900D66A7C /* LoginView.swift in Sources */ = {isa = PBXBuildFile; fileRef = 3D5DD78A28CF293800D66A7C /* LoginView.swift */; };
		3D5DD79D28CF293900D66A7C /* Assets.xcassets in Resources */ = {isa = PBXBuildFile; fileRef = 3D5DD78B28CF293900D66A7C /* Assets.xcassets */; };
		3D5DD79E28CF293900D66A7C /* Assets.xcassets in Resources */ = {isa = PBXBuildFile; fileRef = 3D5DD78B28CF293900D66A7C /* Assets.xcassets */; };
		3D5DD7A828CF29B800D66A7C /* GoogleService-Info.plist in Resources */ = {isa = PBXBuildFile; fileRef = 3D5DD7A728CF29B800D66A7C /* GoogleService-Info.plist */; };
		3D5DD7A928CF29B800D66A7C /* GoogleService-Info.plist in Resources */ = {isa = PBXBuildFile; fileRef = 3D5DD7A728CF29B800D66A7C /* GoogleService-Info.plist */; };
		3D8EE86228D049EF0002E3E8 /* UserManager.swift in Sources */ = {isa = PBXBuildFile; fileRef = 3D8EE86128D049EF0002E3E8 /* UserManager.swift */; };
/* End PBXBuildFile section */

/* Begin PBXFileReference section */
		3D2124F128D1790B00FC885B /* Shared */ = {isa = PBXFileReference; fileEncoding = 4; lastKnownFileType = text; path = Shared; sourceTree = SOURCE_ROOT; };
		3D2124F428D1799000FC885B /* UserData.swift */ = {isa = PBXFileReference; lastKnownFileType = sourcecode.swift; path = UserData.swift; sourceTree = "<group>"; };
		3D2412D228CF3E5100BAD01C /* SignUpView.swift */ = {isa = PBXFileReference; lastKnownFileType = sourcecode.swift; path = SignUpView.swift; sourceTree = "<group>"; };
		3D2412D528CF476E00BAD01C /* WelcomeView.swift */ = {isa = PBXFileReference; lastKnownFileType = sourcecode.swift; path = WelcomeView.swift; sourceTree = "<group>"; };
		3D2D056728D19B0E0015B758 /* AccountView.swift */ = {isa = PBXFileReference; fileEncoding = 4; lastKnownFileType = sourcecode.swift; path = AccountView.swift; sourceTree = "<group>"; };
		3D2D056A28D1A2690015B758 /* Order.swift */ = {isa = PBXFileReference; fileEncoding = 4; lastKnownFileType = sourcecode.swift; path = Order.swift; sourceTree = "<group>"; };
		3D2D056D28D1AC340015B758 /* TableView.swift */ = {isa = PBXFileReference; fileEncoding = 4; lastKnownFileType = sourcecode.swift; path = TableView.swift; sourceTree = "<group>"; };
		3D5DD78928CF293800D66A7C /* myApp2App.swift */ = {isa = PBXFileReference; lastKnownFileType = sourcecode.swift; path = myApp2App.swift; sourceTree = "<group>"; };
		3D5DD78A28CF293800D66A7C /* LoginView.swift */ = {isa = PBXFileReference; lastKnownFileType = sourcecode.swift; path = LoginView.swift; sourceTree = "<group>"; };
		3D5DD78B28CF293900D66A7C /* Assets.xcassets */ = {isa = PBXFileReference; lastKnownFileType = folder.assetcatalog; path = Assets.xcassets; sourceTree = "<group>"; };
		3D5DD79028CF293900D66A7C /* myApp2.app */ = {isa = PBXFileReference; explicitFileType = wrapper.application; includeInIndex = 0; path = myApp2.app; sourceTree = BUILT_PRODUCTS_DIR; };
		3D5DD79628CF293900D66A7C /* myApp2.app */ = {isa = PBXFileReference; explicitFileType = wrapper.application; includeInIndex = 0; path = myApp2.app; sourceTree = BUILT_PRODUCTS_DIR; };
		3D5DD79828CF293900D66A7C /* macOS.entitlements */ = {isa = PBXFileReference; lastKnownFileType = text.plist.entitlements; path = macOS.entitlements; sourceTree = "<group>"; };
		3D5DD7A728CF29B800D66A7C /* GoogleService-Info.plist */ = {isa = PBXFileReference; fileEncoding = 4; lastKnownFileType = text.plist.xml; name = "GoogleService-Info.plist"; path = "../../../Downloads/GoogleService-Info.plist"; sourceTree = "<group>"; };
		3D8EE86128D049EF0002E3E8 /* UserManager.swift */ = {isa = PBXFileReference; lastKnownFileType = sourcecode.swift; path = UserManager.swift; sourceTree = "<group>"; };
/* End PBXFileReference section */

/* Begin PBXFrameworksBuildPhase section */
		3D5DD78D28CF293900D66A7C /* Frameworks */ = {
			isa = PBXFrameworksBuildPhase;
			buildActionMask = 2147483647;
			files = (
				3D2412CF28CF3A7400BAD01C /* FirebaseFirestoreCombine-Community in Frameworks */,
				3D2412D128CF3A7400BAD01C /* FirebaseFirestoreSwift-Beta in Frameworks */,
				3D2412CB28CF3A7400BAD01C /* FirebaseAuth in Frameworks */,
				3D2412CD28CF3A7400BAD01C /* FirebaseFirestore in Frameworks */,
			);
			runOnlyForDeploymentPostprocessing = 0;
		};
		3D5DD79328CF293900D66A7C /* Frameworks */ = {
			isa = PBXFrameworksBuildPhase;
			buildActionMask = 2147483647;
			files = (
			);
			runOnlyForDeploymentPostprocessing = 0;
		};
/* End PBXFrameworksBuildPhase section */

/* Begin PBXGroup section */
		3D5DD78328CF293800D66A7C = {
			isa = PBXGroup;
			children = (
				3D5DD78828CF293800D66A7C /* Shared */,
				3D5DD79728CF293900D66A7C /* macOS */,
				3D5DD79128CF293900D66A7C /* Products */,
			);
			sourceTree = "<group>";
		};
		3D5DD78828CF293800D66A7C /* Shared */ = {
			isa = PBXGroup;
			children = (
				3D8EE86028D049E30002E3E8 /* Controller */,
				3D8EE85D28D044B50002E3E8 /* Model */,
				3D5DD7A728CF29B800D66A7C /* GoogleService-Info.plist */,
				3D5DD78928CF293800D66A7C /* myApp2App.swift */,
				3D5DD78A28CF293800D66A7C /* LoginView.swift */,
				3D2412D228CF3E5100BAD01C /* SignUpView.swift */,
				3D2D056D28D1AC340015B758 /* TableView.swift */,
				3D2D056728D19B0E0015B758 /* AccountView.swift */,
				3D2412D528CF476E00BAD01C /* WelcomeView.swift */,
				3D5DD78B28CF293900D66A7C /* Assets.xcassets */,
			);
			path = Shared;
			sourceTree = "<group>";
		};
		3D5DD79128CF293900D66A7C /* Products */ = {
			isa = PBXGroup;
			children = (
				3D5DD79028CF293900D66A7C /* myApp2.app */,
				3D5DD79628CF293900D66A7C /* myApp2.app */,
			);
			name = Products;
			sourceTree = "<group>";
		};
		3D5DD79728CF293900D66A7C /* macOS */ = {
			isa = PBXGroup;
			children = (
				3D5DD79828CF293900D66A7C /* macOS.entitlements */,
			);
			path = macOS;
			sourceTree = "<group>";
		};
		3D8EE85D28D044B50002E3E8 /* Model */ = {
			isa = PBXGroup;
			children = (
				3D2D056A28D1A2690015B758 /* Order.swift */,
				3D2124F428D1799000FC885B /* UserData.swift */,
				3D2124F128D1790B00FC885B /* Shared */,
			);
			path = Model;
			sourceTree = "<group>";
		};
		3D8EE86028D049E30002E3E8 /* Controller */ = {
			isa = PBXGroup;
			children = (
				3D8EE86128D049EF0002E3E8 /* UserManager.swift */,
			);
			path = Controller;
			sourceTree = "<group>";
		};
/* End PBXGroup section */

/* Begin PBXNativeTarget section */
		3D5DD78F28CF293900D66A7C /* myApp2 (iOS) */ = {
			isa = PBXNativeTarget;
			buildConfigurationList = 3D5DD7A128CF293900D66A7C /* Build configuration list for PBXNativeTarget "myApp2 (iOS)" */;
			buildPhases = (
				3D5DD78C28CF293900D66A7C /* Sources */,
				3D5DD78D28CF293900D66A7C /* Frameworks */,
				3D5DD78E28CF293900D66A7C /* Resources */,
			);
			buildRules = (
			);
			dependencies = (
			);
			name = "myApp2 (iOS)";
			packageProductDependencies = (
				3D2412CA28CF3A7400BAD01C /* FirebaseAuth */,
				3D2412CC28CF3A7400BAD01C /* FirebaseFirestore */,
				3D2412CE28CF3A7400BAD01C /* FirebaseFirestoreCombine-Community */,
				3D2412D028CF3A7400BAD01C /* FirebaseFirestoreSwift-Beta */,
			);
			productName = "myApp2 (iOS)";
			productReference = 3D5DD79028CF293900D66A7C /* myApp2.app */;
			productType = "com.apple.product-type.application";
		};
		3D5DD79528CF293900D66A7C /* myApp2 (macOS) */ = {
			isa = PBXNativeTarget;
			buildConfigurationList = 3D5DD7A428CF293900D66A7C /* Build configuration list for PBXNativeTarget "myApp2 (macOS)" */;
			buildPhases = (
				3D5DD79228CF293900D66A7C /* Sources */,
				3D5DD79328CF293900D66A7C /* Frameworks */,
				3D5DD79428CF293900D66A7C /* Resources */,
			);
			buildRules = (
			);
			dependencies = (
			);
			name = "myApp2 (macOS)";
			productName = "myApp2 (macOS)";
			productReference = 3D5DD79628CF293900D66A7C /* myApp2.app */;
			productType = "com.apple.product-type.application";
		};
/* End PBXNativeTarget section */

/* Begin PBXProject section */
		3D5DD78428CF293800D66A7C /* Project object */ = {
			isa = PBXProject;
			attributes = {
				BuildIndependentTargetsInParallel = 1;
				LastSwiftUpdateCheck = 1340;
				LastUpgradeCheck = 1340;
				TargetAttributes = {
					3D5DD78F28CF293900D66A7C = {
						CreatedOnToolsVersion = 13.4.1;
					};
					3D5DD79528CF293900D66A7C = {
						CreatedOnToolsVersion = 13.4.1;
					};
				};
			};
			buildConfigurationList = 3D5DD78728CF293800D66A7C /* Build configuration list for PBXProject "myApp2" */;
			compatibilityVersion = "Xcode 13.0";
			developmentRegion = en;
			hasScannedForEncodings = 0;
			knownRegions = (
				en,
				Base,
			);
			mainGroup = 3D5DD78328CF293800D66A7C;
			packageReferences = (
				3D2412C928CF3A7400BAD01C /* XCRemoteSwiftPackageReference "firebase-ios-sdk" */,
			);
			productRefGroup = 3D5DD79128CF293900D66A7C /* Products */;
			projectDirPath = "";
			projectRoot = "";
			targets = (
				3D5DD78F28CF293900D66A7C /* myApp2 (iOS) */,
				3D5DD79528CF293900D66A7C /* myApp2 (macOS) */,
			);
		};
/* End PBXProject section */

/* Begin PBXResourcesBuildPhase section */
		3D5DD78E28CF293900D66A7C /* Resources */ = {
			isa = PBXResourcesBuildPhase;
			buildActionMask = 2147483647;
			files = (
				3D5DD79D28CF293900D66A7C /* Assets.xcassets in Resources */,
				3D5DD7A828CF29B800D66A7C /* GoogleService-Info.plist in Resources */,
				3D2124F228D1790B00FC885B /* Shared in Resources */,
			);
			runOnlyForDeploymentPostprocessing = 0;
		};
		3D5DD79428CF293900D66A7C /* Resources */ = {
			isa = PBXResourcesBuildPhase;
			buildActionMask = 2147483647;
			files = (
				3D5DD79E28CF293900D66A7C /* Assets.xcassets in Resources */,
				3D5DD7A928CF29B800D66A7C /* GoogleService-Info.plist in Resources */,
			);
			runOnlyForDeploymentPostprocessing = 0;
		};
/* End PBXResourcesBuildPhase section */

/* Begin PBXSourcesBuildPhase section */
		3D5DD78C28CF293900D66A7C /* Sources */ = {
			isa = PBXSourcesBuildPhase;
			buildActionMask = 2147483647;
			files = (
				3D8EE86228D049EF0002E3E8 /* UserManager.swift in Sources */,
				3D2412D328CF3E5100BAD01C /* SignUpView.swift in Sources */,
				3D2D056B28D1A2690015B758 /* Order.swift in Sources */,
				3D2124F528D1799000FC885B /* UserData.swift in Sources */,
				3D2D056E28D1AC340015B758 /* TableView.swift in Sources */,
				3D5DD79B28CF293900D66A7C /* LoginView.swift in Sources */,
				3D2D056828D19B0E0015B758 /* AccountView.swift in Sources */,
				3D5DD79928CF293900D66A7C /* myApp2App.swift in Sources */,
				3D2412D628CF476E00BAD01C /* WelcomeView.swift in Sources */,
			);
			runOnlyForDeploymentPostprocessing = 0;
		};
		3D5DD79228CF293900D66A7C /* Sources */ = {
			isa = PBXSourcesBuildPhase;
			buildActionMask = 2147483647;
			files = (
				3D2D056C28D1A2690015B758 /* Order.swift in Sources */,
				3D2412D428CF3E5100BAD01C /* SignUpView.swift in Sources */,
				3D5DD79C28CF293900D66A7C /* LoginView.swift in Sources */,
				3D2D056F28D1AC340015B758 /* TableView.swift in Sources */,
				3D5DD79A28CF293900D66A7C /* myApp2App.swift in Sources */,
				3D2412D728CF476E00BAD01C /* WelcomeView.swift in Sources */,
				3D2D056928D19B0E0015B758 /* AccountView.swift in Sources */,
			);
			runOnlyForDeploymentPostprocessing = 0;
		};
/* End PBXSourcesBuildPhase section */

/* Begin XCBuildConfiguration section */
		3D5DD79F28CF293900D66A7C /* Debug */ = {
			isa = XCBuildConfiguration;
			buildSettings = {
				ALWAYS_SEARCH_USER_PATHS = NO;
				CLANG_ANALYZER_NONNULL = YES;
				CLANG_ANALYZER_NUMBER_OBJECT_CONVERSION = YES_AGGRESSIVE;
				CLANG_CXX_LANGUAGE_STANDARD = "gnu++17";
				CLANG_ENABLE_MODULES = YES;
				CLANG_ENABLE_OBJC_ARC = YES;
				CLANG_ENABLE_OBJC_WEAK = YES;
				CLANG_WARN_BLOCK_CAPTURE_AUTORELEASING = YES;
				CLANG_WARN_BOOL_CONVERSION = YES;
				CLANG_WARN_COMMA = YES;
				CLANG_WARN_CONSTANT_CONVERSION = YES;
				CLANG_WARN_DEPRECATED_OBJC_IMPLEMENTATIONS = YES;
				CLANG_WARN_DIRECT_OBJC_ISA_USAGE = YES_ERROR;
				CLANG_WARN_DOCUMENTATION_COMMENTS = YES;
				CLANG_WARN_EMPTY_BODY = YES;
				CLANG_WARN_ENUM_CONVERSION = YES;
				CLANG_WARN_INFINITE_RECURSION = YES;
				CLANG_WARN_INT_CONVERSION = YES;
				CLANG_WARN_NON_LITERAL_NULL_CONVERSION = YES;
				CLANG_WARN_OBJC_IMPLICIT_RETAIN_SELF = YES;
				CLANG_WARN_OBJC_LITERAL_CONVERSION = YES;
				CLANG_WARN_OBJC_ROOT_CLASS = YES_ERROR;
				CLANG_WARN_QUOTED_INCLUDE_IN_FRAMEWORK_HEADER = YES;
				CLANG_WARN_RANGE_LOOP_ANALYSIS = YES;
				CLANG_WARN_STRICT_PROTOTYPES = YES;
				CLANG_WARN_SUSPICIOUS_MOVE = YES;
				CLANG_WARN_UNGUARDED_AVAILABILITY = YES_AGGRESSIVE;
				CLANG_WARN_UNREACHABLE_CODE = YES;
				CLANG_WARN__DUPLICATE_METHOD_MATCH = YES;
				COPY_PHASE_STRIP = NO;
				DEBUG_INFORMATION_FORMAT = dwarf;
				ENABLE_STRICT_OBJC_MSGSEND = YES;
				ENABLE_TESTABILITY = YES;
				GCC_C_LANGUAGE_STANDARD = gnu11;
				GCC_DYNAMIC_NO_PIC = NO;
				GCC_NO_COMMON_BLOCKS = YES;
				GCC_OPTIMIZATION_LEVEL = 0;
				GCC_PREPROCESSOR_DEFINITIONS = (
					"DEBUG=1",
					"$(inherited)",
				);
				GCC_WARN_64_TO_32_BIT_CONVERSION = YES;
				GCC_WARN_ABOUT_RETURN_TYPE = YES_ERROR;
				GCC_WARN_UNDECLARED_SELECTOR = YES;
				GCC_WARN_UNINITIALIZED_AUTOS = YES_AGGRESSIVE;
				GCC_WARN_UNUSED_FUNCTION = YES;
				GCC_WARN_UNUSED_VARIABLE = YES;
				MTL_ENABLE_DEBUG_INFO = INCLUDE_SOURCE;
				MTL_FAST_MATH = YES;
				ONLY_ACTIVE_ARCH = YES;
				SWIFT_ACTIVE_COMPILATION_CONDITIONS = DEBUG;
				SWIFT_OPTIMIZATION_LEVEL = "-Onone";
			};
			name = Debug;
		};
		3D5DD7A028CF293900D66A7C /* Release */ = {
			isa = XCBuildConfiguration;
			buildSettings = {
				ALWAYS_SEARCH_USER_PATHS = NO;
				CLANG_ANALYZER_NONNULL = YES;
				CLANG_ANALYZER_NUMBER_OBJECT_CONVERSION = YES_AGGRESSIVE;
				CLANG_CXX_LANGUAGE_STANDARD = "gnu++17";
				CLANG_ENABLE_MODULES = YES;
				CLANG_ENABLE_OBJC_ARC = YES;
				CLANG_ENABLE_OBJC_WEAK = YES;
				CLANG_WARN_BLOCK_CAPTURE_AUTORELEASING = YES;
				CLANG_WARN_BOOL_CONVERSION = YES;
				CLANG_WARN_COMMA = YES;
				CLANG_WARN_CONSTANT_CONVERSION = YES;
				CLANG_WARN_DEPRECATED_OBJC_IMPLEMENTATIONS = YES;
				CLANG_WARN_DIRECT_OBJC_ISA_USAGE = YES_ERROR;
				CLANG_WARN_DOCUMENTATION_COMMENTS = YES;
				CLANG_WARN_EMPTY_BODY = YES;
				CLANG_WARN_ENUM_CONVERSION = YES;
				CLANG_WARN_INFINITE_RECURSION = YES;
				CLANG_WARN_INT_CONVERSION = YES;
				CLANG_WARN_NON_LITERAL_NULL_CONVERSION = YES;
				CLANG_WARN_OBJC_IMPLICIT_RETAIN_SELF = YES;
				CLANG_WARN_OBJC_LITERAL_CONVERSION = YES;
				CLANG_WARN_OBJC_ROOT_CLASS = YES_ERROR;
				CLANG_WARN_QUOTED_INCLUDE_IN_FRAMEWORK_HEADER = YES;
				CLANG_WARN_RANGE_LOOP_ANALYSIS = YES;
				CLANG_WARN_STRICT_PROTOTYPES = YES;
				CLANG_WARN_SUSPICIOUS_MOVE = YES;
				CLANG_WARN_UNGUARDED_AVAILABILITY = YES_AGGRESSIVE;
				CLANG_WARN_UNREACHABLE_CODE = YES;
				CLANG_WARN__DUPLICATE_METHOD_MATCH = YES;
				COPY_PHASE_STRIP = NO;
				DEBUG_INFORMATION_FORMAT = "dwarf-with-dsym";
				ENABLE_NS_ASSERTIONS = NO;
				ENABLE_STRICT_OBJC_MSGSEND = YES;
				GCC_C_LANGUAGE_STANDARD = gnu11;
				GCC_NO_COMMON_BLOCKS = YES;
				GCC_WARN_64_TO_32_BIT_CONVERSION = YES;
				GCC_WARN_ABOUT_RETURN_TYPE = YES_ERROR;
				GCC_WARN_UNDECLARED_SELECTOR = YES;
				GCC_WARN_UNINITIALIZED_AUTOS = YES_AGGRESSIVE;
				GCC_WARN_UNUSED_FUNCTION = YES;
				GCC_WARN_UNUSED_VARIABLE = YES;
				MTL_ENABLE_DEBUG_INFO = NO;
				MTL_FAST_MATH = YES;
				SWIFT_COMPILATION_MODE = wholemodule;
				SWIFT_OPTIMIZATION_LEVEL = "-O";
			};
			name = Release;
		};
		3D5DD7A228CF293900D66A7C /* Debug */ = {
			isa = XCBuildConfiguration;
			buildSettings = {
				ASSETCATALOG_COMPILER_APPICON_NAME = AppIcon;
				ASSETCATALOG_COMPILER_GLOBAL_ACCENT_COLOR_NAME = AccentColor;
				CODE_SIGN_STYLE = Automatic;
				CURRENT_PROJECT_VERSION = 1;
				ENABLE_PREVIEWS = YES;
				GENERATE_INFOPLIST_FILE = YES;
				INFOPLIST_KEY_UIApplicationSceneManifest_Generation = YES;
				INFOPLIST_KEY_UIApplicationSupportsIndirectInputEvents = YES;
				INFOPLIST_KEY_UILaunchScreen_Generation = YES;
				INFOPLIST_KEY_UISupportedInterfaceOrientations_iPad = "UIInterfaceOrientationPortrait UIInterfaceOrientationPortraitUpsideDown UIInterfaceOrientationLandscapeLeft UIInterfaceOrientationLandscapeRight";
				INFOPLIST_KEY_UISupportedInterfaceOrientations_iPhone = "UIInterfaceOrientationPortrait UIInterfaceOrientationLandscapeLeft UIInterfaceOrientationLandscapeRight";
				IPHONEOS_DEPLOYMENT_TARGET = 15.5;
				LD_RUNPATH_SEARCH_PATHS = (
					"$(inherited)",
					"@executable_path/Frameworks",
				);
				MARKETING_VERSION = 1.0;
				PRODUCT_BUNDLE_IDENTIFIER = my.appios.myApp2;
				PRODUCT_NAME = myApp2;
				SDKROOT = iphoneos;
				SWIFT_EMIT_LOC_STRINGS = YES;
				SWIFT_VERSION = 5.0;
				TARGETED_DEVICE_FAMILY = "1,2";
			};
			name = Debug;
		};
		3D5DD7A328CF293900D66A7C /* Release */ = {
			isa = XCBuildConfiguration;
			buildSettings = {
				ASSETCATALOG_COMPILER_APPICON_NAME = AppIcon;
				ASSETCATALOG_COMPILER_GLOBAL_ACCENT_COLOR_NAME = AccentColor;
				CODE_SIGN_STYLE = Automatic;
				CURRENT_PROJECT_VERSION = 1;
				ENABLE_PREVIEWS = YES;
				GENERATE_INFOPLIST_FILE = YES;
				INFOPLIST_KEY_UIApplicationSceneManifest_Generation = YES;
				INFOPLIST_KEY_UIApplicationSupportsIndirectInputEvents = YES;
				INFOPLIST_KEY_UILaunchScreen_Generation = YES;
				INFOPLIST_KEY_UISupportedInterfaceOrientations_iPad = "UIInterfaceOrientationPortrait UIInterfaceOrientationPortraitUpsideDown UIInterfaceOrientationLandscapeLeft UIInterfaceOrientationLandscapeRight";
				INFOPLIST_KEY_UISupportedInterfaceOrientations_iPhone = "UIInterfaceOrientationPortrait UIInterfaceOrientationLandscapeLeft UIInterfaceOrientationLandscapeRight";
				IPHONEOS_DEPLOYMENT_TARGET = 15.5;
				LD_RUNPATH_SEARCH_PATHS = (
					"$(inherited)",
					"@executable_path/Frameworks",
				);
				MARKETING_VERSION = 1.0;
				PRODUCT_BUNDLE_IDENTIFIER = my.appios.myApp2;
				PRODUCT_NAME = myApp2;
				SDKROOT = iphoneos;
				SWIFT_EMIT_LOC_STRINGS = YES;
				SWIFT_VERSION = 5.0;
				TARGETED_DEVICE_FAMILY = "1,2";
				VALIDATE_PRODUCT = YES;
			};
			name = Release;
		};
		3D5DD7A528CF293900D66A7C /* Debug */ = {
			isa = XCBuildConfiguration;
			buildSettings = {
				ASSETCATALOG_COMPILER_APPICON_NAME = AppIcon;
				ASSETCATALOG_COMPILER_GLOBAL_ACCENT_COLOR_NAME = AccentColor;
				CODE_SIGN_ENTITLEMENTS = macOS/macOS.entitlements;
				CODE_SIGN_STYLE = Automatic;
				COMBINE_HIDPI_IMAGES = YES;
				CURRENT_PROJECT_VERSION = 1;
				ENABLE_PREVIEWS = YES;
				GENERATE_INFOPLIST_FILE = YES;
				INFOPLIST_KEY_NSHumanReadableCopyright = "";
				LD_RUNPATH_SEARCH_PATHS = (
					"$(inherited)",
					"@executable_path/../Frameworks",
				);
				MACOSX_DEPLOYMENT_TARGET = 12.3;
				MARKETING_VERSION = 1.0;
				PRODUCT_BUNDLE_IDENTIFIER = my.appios.myApp2;
				PRODUCT_NAME = myApp2;
				SDKROOT = macosx;
				SWIFT_EMIT_LOC_STRINGS = YES;
				SWIFT_VERSION = 5.0;
			};
			name = Debug;
		};
		3D5DD7A628CF293900D66A7C /* Release */ = {
			isa = XCBuildConfiguration;
			buildSettings = {
				ASSETCATALOG_COMPILER_APPICON_NAME = AppIcon;
				ASSETCATALOG_COMPILER_GLOBAL_ACCENT_COLOR_NAME = AccentColor;
				CODE_SIGN_ENTITLEMENTS = macOS/macOS.entitlements;
				CODE_SIGN_STYLE = Automatic;
				COMBINE_HIDPI_IMAGES = YES;
				CURRENT_PROJECT_VERSION = 1;
				ENABLE_PREVIEWS = YES;
				GENERATE_INFOPLIST_FILE = YES;
				INFOPLIST_KEY_NSHumanReadableCopyright = "";
				LD_RUNPATH_SEARCH_PATHS = (
					"$(inherited)",
					"@executable_path/../Frameworks",
				);
				MACOSX_DEPLOYMENT_TARGET = 12.3;
				MARKETING_VERSION = 1.0;
				PRODUCT_BUNDLE_IDENTIFIER = my.appios.myApp2;
				PRODUCT_NAME = myApp2;
				SDKROOT = macosx;
				SWIFT_EMIT_LOC_STRINGS = YES;
				SWIFT_VERSION = 5.0;
			};
			name = Release;
		};
/* End XCBuildConfiguration section */

/* Begin XCConfigurationList section */
		3D5DD78728CF293800D66A7C /* Build configuration list for PBXProject "myApp2" */ = {
			isa = XCConfigurationList;
			buildConfigurations = (
				3D5DD79F28CF293900D66A7C /* Debug */,
				3D5DD7A028CF293900D66A7C /* Release */,
			);
			defaultConfigurationIsVisible = 0;
			defaultConfigurationName = Release;
		};
		3D5DD7A128CF293900D66A7C /* Build configuration list for PBXNativeTarget "myApp2 (iOS)" */ = {
			isa = XCConfigurationList;
			buildConfigurations = (
				3D5DD7A228CF293900D66A7C /* Debug */,
				3D5DD7A328CF293900D66A7C /* Release */,
			);
			defaultConfigurationIsVisible = 0;
			defaultConfigurationName = Release;
		};
		3D5DD7A428CF293900D66A7C /* Build configuration list for PBXNativeTarget "myApp2 (macOS)" */ = {
			isa = XCConfigurationList;
			buildConfigurations = (
				3D5DD7A528CF293900D66A7C /* Debug */,
				3D5DD7A628CF293900D66A7C /* Release */,
			);
			defaultConfigurationIsVisible = 0;
			defaultConfigurationName = Release;
		};
/* End XCConfigurationList section */

/* Begin XCRemoteSwiftPackageReference section */
		3D2412C928CF3A7400BAD01C /* XCRemoteSwiftPackageReference "firebase-ios-sdk" */ = {
			isa = XCRemoteSwiftPackageReference;
			repositoryURL = "https://github.com/firebase/firebase-ios-sdk";
			requirement = {
				kind = upToNextMajorVersion;
				minimumVersion = 8.2.0;
			};
		};
/* End XCRemoteSwiftPackageReference section */

/* Begin XCSwiftPackageProductDependency section */
		3D2412CA28CF3A7400BAD01C /* FirebaseAuth */ = {
			isa = XCSwiftPackageProductDependency;
			package = 3D2412C928CF3A7400BAD01C /* XCRemoteSwiftPackageReference "firebase-ios-sdk" */;
			productName = FirebaseAuth;
		};
		3D2412CC28CF3A7400BAD01C /* FirebaseFirestore */ = {
			isa = XCSwiftPackageProductDependency;
			package = 3D2412C928CF3A7400BAD01C /* XCRemoteSwiftPackageReference "firebase-ios-sdk" */;
			productName = FirebaseFirestore;
		};
		3D2412CE28CF3A7400BAD01C /* FirebaseFirestoreCombine-Community */ = {
			isa = XCSwiftPackageProductDependency;
			package = 3D2412C928CF3A7400BAD01C /* XCRemoteSwiftPackageReference "firebase-ios-sdk" */;
			productName = "FirebaseFirestoreCombine-Community";
		};
		3D2412D028CF3A7400BAD01C /* FirebaseFirestoreSwift-Beta */ = {
			isa = XCSwiftPackageProductDependency;
			package = 3D2412C928CF3A7400BAD01C /* XCRemoteSwiftPackageReference "firebase-ios-sdk" */;
			productName = "FirebaseFirestoreSwift-Beta";
		};
/* End XCSwiftPackageProductDependency section */
	};
	rootObject = 3D5DD78428CF293800D66A7C /* Project object */;
}
